
Microsoft Visual Studio Solution File, Format Version 12.00
# Visual Studio 2013
VisualStudioVersion = 12.0.21005.1
MinimumVisualStudioVersion = 10.0.40219.1
Project("{FAE04EC0-301F-11D3-BF4B-00C04F79EFBC}") = "ConnectedLayer", "ConnectedLayer\ConnectedLayer.csproj", "{630E8E25-DFBA-46CF-9C59-1A590D8B0828}"
EndProject
Project("{FAE04EC0-301F-11D3-BF4B-00C04F79EFBC}") = "ConnectedLayer.Tests", "ConnectedLayer.Tests\ConnectedLayer.Tests.csproj", "{55B16FEE-A48B-409A-922B-BF6CE498E8BB}"
EndProject
Project("{FAE04EC0-301F-11D3-BF4B-00C04F79EFBC}") = "Ui.Console", "Ui.Console\Ui.Console.csproj", "{761A937A-1790-49F0-B35C-7A2212652A7B}"
EndProject
Project("{FAE04EC0-301F-11D3-BF4B-00C04F79EFBC}") = "Ui.Console.Tests", "Ui.Console.Tests\Ui.Console.Tests.csproj", "{673069A3-2400-462C-ABBE-A5BC7158FD88}"
EndProject
Project("{FAE04EC0-301F-11D3-BF4B-00C04F79EFBC}") = "DisconnectedLayer.Tests", "DisconnectedLayer.Tests\DisconnectedLayer.Tests.csproj", "{6FEE44BA-E72D-4F7C-A9DA-20BD55CEE45B}"
EndProject
Project("{2150E333-8FDC-42A3-9474-1A3956D46DE8}") = ".nuget", ".nuget", "{F352F8F7-85D8-4C60-A2DA-A9376749ADCC}"
	ProjectSection(SolutionItems) = preProject
		.nuget\packages.config = .nuget\packages.config
	EndProjectSection
EndProject
Project("{FAE04EC0-301F-11D3-BF4B-00C04F79EFBC}") = "DisconnectedLayer", "DisconnectedLayer\DisconnectedLayer.csproj", "{67885B8F-929A-4BA8-9581-EC03BAF012BF}"
EndProject
Global
	GlobalSection(SolutionConfigurationPlatforms) = preSolution
		Debug|Any CPU = Debug|Any CPU
		Release|Any CPU = Release|Any CPU
	EndGlobalSection
	GlobalSection(ProjectConfigurationPlatforms) = postSolution
		{630E8E25-DFBA-46CF-9C59-1A590D8B0828}.Debug|Any CPU.ActiveCfg = Debug|Any CPU
		{630E8E25-DFBA-46CF-9C59-1A590D8B0828}.Debug|Any CPU.Build.0 = Debug|Any CPU
		{630E8E25-DFBA-46CF-9C59-1A590D8B0828}.Release|Any CPU.ActiveCfg = Release|Any CPU
		{630E8E25-DFBA-46CF-9C59-1A590D8B0828}.Release|Any CPU.Build.0 = Release|Any CPU
		{55B16FEE-A48B-409A-922B-BF6CE498E8BB}.Debug|Any CPU.ActiveCfg = Debug|Any CPU
		{55B16FEE-A48B-409A-922B-BF6CE498E8BB}.Debug|Any CPU.Build.0 = Debug|Any CPU
		{55B16FEE-A48B-409A-922B-BF6CE498E8BB}.Release|Any CPU.ActiveCfg = Release|Any CPU
		{55B16FEE-A48B-409A-922B-BF6CE498E8BB}.Release|Any CPU.Build.0 = Release|Any CPU
		{761A937A-1790-49F0-B35C-7A2212652A7B}.Debug|Any CPU.ActiveCfg = Debug|Any CPU
		{761A937A-1790-49F0-B35C-7A2212652A7B}.Debug|Any CPU.Build.0 = Debug|Any CPU
		{761A937A-1790-49F0-B35C-7A2212652A7B}.Release|Any CPU.ActiveCfg = Release|Any CPU
		{761A937A-1790-49F0-B35C-7A2212652A7B}.Release|Any CPU.Build.0 = Release|Any CPU
		{673069A3-2400-462C-ABBE-A5BC7158FD88}.Debug|Any CPU.ActiveCfg = Debug|Any CPU
		{673069A3-2400-462C-ABBE-A5BC7158FD88}.Debug|Any CPU.Build.0 = Debug|Any CPU
		{673069A3-2400-462C-ABBE-A5BC7158FD88}.Release|Any CPU.ActiveCfg = Release|Any CPU
		{673069A3-2400-462C-ABBE-A5BC7158FD88}.Release|Any CPU.Build.0 = Release|Any CPU
		{6FEE44BA-E72D-4F7C-A9DA-20BD55CEE45B}.Debug|Any CPU.ActiveCfg = Debug|Any CPU
		{6FEE44BA-E72D-4F7C-A9DA-20BD55CEE45B}.Debug|Any CPU.Build.0 = Debug|Any CPU
		{6FEE44BA-E72D-4F7C-A9DA-20BD55CEE45B}.Release|Any CPU.ActiveCfg = Release|Any CPU
		{6FEE44BA-E72D-4F7C-A9DA-20BD55CEE45B}.Release|Any CPU.Build.0 = Release|Any CPU
		{67885B8F-929A-4BA8-9581-EC03BAF012BF}.Debug|Any CPU.ActiveCfg = Debug|Any CPU
		{67885B8F-929A-4BA8-9581-EC03BAF012BF}.Debug|Any CPU.Build.0 = Debug|Any CPU
		{67885B8F-929A-4BA8-9581-EC03BAF012BF}.Release|Any CPU.ActiveCfg = Release|Any CPU
		{67885B8F-929A-4BA8-9581-EC03BAF012BF}.Release|Any CPU.Build.0 = Release|Any CPU
	EndGlobalSection
	GlobalSection(SolutionProperties) = preSolution
		HideSolutionNode = FALSE
	EndGlobalSection
EndGlobal
